<?xml version="1.0" encoding="utf-8"?>
<Project ToolsVersion="4.0" xmlns="http://schemas.microsoft.com/developer/msbuild/2003">
  <ItemGroup>
    <ClCompile Include="main.cpp" />
    <ClCompile Include="LuaSourceCode\lapi.c">
      <Filter>LuaSourceCode</Filter>
    </ClCompile>
    <ClCompile Include="LuaSourceCode\lauxlib.c">
      <Filter>LuaSourceCode</Filter>
    </ClCompile>
    <ClCompile Include="LuaSourceCode\lbaselib.c">
      <Filter>LuaSourceCode</Filter>
    </ClCompile>
    <ClCompile Include="LuaSourceCode\lcode.c">
      <Filter>LuaSourceCode</Filter>
    </ClCompile>
    <ClCompile Include="LuaSourceCode\lcorolib.c">
      <Filter>LuaSourceCode</Filter>
    </ClCompile>
    <ClCompile Include="LuaSourceCode\lctype.c">
      <Filter>LuaSourceCode</Filter>
    </ClCompile>
    <ClCompile Include="LuaSourceCode\ldblib.c">
      <Filter>LuaSourceCode</Filter>
    </ClCompile>
    <ClCompile Include="LuaSourceCode\ldebug.c">
      <Filter>LuaSourceCode</Filter>
    </ClCompile>
    <ClCompile Include="LuaSourceCode\ldo.c">
      <Filter>LuaSourceCode</Filter>
    </ClCompile>
    <ClCompile Include="LuaSourceCode\ldump.c">
      <Filter>LuaSourceCode</Filter>
    </ClCompile>
    <ClCompile Include="LuaSourceCode\lfunc.c">
      <Filter>LuaSourceCode</Filter>
    </ClCompile>
    <ClCompile Include="LuaSourceCode\lgc.c">
      <Filter>LuaSourceCode</Filter>
    </ClCompile>
    <ClCompile Include="LuaSourceCode\linit.c">
      <Filter>LuaSourceCode</Filter>
    </ClCompile>
    <ClCompile Include="LuaSourceCode\liolib.c">
      <Filter>LuaSourceCode</Filter>
    </ClCompile>
    <ClCompile Include="LuaSourceCode\llex.c">
      <Filter>LuaSourceCode</Filter>
    </ClCompile>
    <ClCompile Include="LuaSourceCode\lmathlib.c">
      <Filter>LuaSourceCode</Filter>
    </ClCompile>
    <ClCompile Include="LuaSourceCode\lmem.c">
      <Filter>LuaSourceCode</Filter>
    </ClCompile>
    <ClCompile Include="LuaSourceCode\loadlib.c">
      <Filter>LuaSourceCode</Filter>
    </ClCompile>
    <ClCompile Include="LuaSourceCode\lobject.c">
      <Filter>LuaSourceCode</Filter>
    </ClCompile>
    <ClCompile Include="LuaSourceCode\lopcodes.c">
      <Filter>LuaSourceCode</Filter>
    </ClCompile>
    <ClCompile Include="LuaSourceCode\loslib.c">
      <Filter>LuaSourceCode</Filter>
    </ClCompile>
    <ClCompile Include="LuaSourceCode\lparser.c">
      <Filter>LuaSourceCode</Filter>
    </ClCompile>
    <ClCompile Include="LuaSourceCode\lstate.c">
      <Filter>LuaSourceCode</Filter>
    </ClCompile>
    <ClCompile Include="LuaSourceCode\lstring.c">
      <Filter>LuaSourceCode</Filter>
    </ClCompile>
    <ClCompile Include="LuaSourceCode\lstrlib.c">
      <Filter>LuaSourceCode</Filter>
    </ClCompile>
    <ClCompile Include="LuaSourceCode\ltable.c">
      <Filter>LuaSourceCode</Filter>
    </ClCompile>
    <ClCompile Include="LuaSourceCode\ltablib.c">
      <Filter>LuaSourceCode</Filter>
    </ClCompile>
    <ClCompile Include="LuaSourceCode\ltm.c">
      <Filter>LuaSourceCode</Filter>
    </ClCompile>
    <ClCompile Include="LuaSourceCode\lundump.c">
      <Filter>LuaSourceCode</Filter>
    </ClCompile>
    <ClCompile Include="LuaSourceCode\lutf8lib.c">
      <Filter>LuaSourceCode</Filter>
    </ClCompile>
    <ClCompile Include="LuaSourceCode\lvm.c">
      <Filter>LuaSourceCode</Filter>
    </ClCompile>
    <ClCompile Include="LuaSourceCode\lzio.c">
      <Filter>LuaSourceCode</Filter>
    </ClCompile>
    <ClCompile Include="olcPixelGameEngine\olcPixelGameEngine.cpp">
      <Filter>olcPixelGameEngine</Filter>
    </ClCompile>
    <ClCompile Include="Engine\Audio.cpp">
      <Filter>Engine</Filter>
    </ClCompile>
    <ClCompile Include="Engine\AudioPool.cpp">
      <Filter>Engine</Filter>
    </ClCompile>
    <ClCompile Include="Engine\CellRenderer.cpp">
      <Filter>Engine</Filter>
    </ClCompile>
    <ClCompile Include="Engine\CharacterController.cpp">
      <Filter>Engine</Filter>
    </ClCompile>
    <ClCompile Include="Engine\Chess.cpp">
      <Filter>Engine</Filter>
    </ClCompile>
    <ClCompile Include="Engine\Clipboard.cpp">
      <Filter>Engine</Filter>
    </ClCompile>
    <ClCompile Include="Engine\ConRegistry.cpp">
      <Filter>Engine</Filter>
    </ClCompile>
    <ClCompile Include="Engine\Console.cpp">
      <Filter>Engine</Filter>
    </ClCompile>
    <ClCompile Include="Engine\ConsoleEngine.cpp">
      <Filter>Engine</Filter>
    </ClCompile>
    <ClCompile Include="Engine\Database.cpp">
      <Filter>Engine</Filter>
    </ClCompile>
    <ClCompile Include="Engine\Debug.cpp">
      <Filter>Engine</Filter>
    </ClCompile>
    <ClCompile Include="Engine\EventSystem.cpp">
      <Filter>Engine</Filter>
    </ClCompile>
    <ClCompile Include="Engine\File.cpp">
      <Filter>Engine</Filter>
    </ClCompile>
    <ClCompile Include="Engine\FileDialog.cpp">
      <Filter>Engine</Filter>
    </ClCompile>
    <ClCompile Include="Engine\GDIRenderer.cpp">
      <Filter>Engine</Filter>
    </ClCompile>
    <ClCompile Include="Engine\GridRenderer.cpp">
      <Filter>Engine</Filter>
    </ClCompile>
    <ClCompile Include="Engine\Input.cpp">
      <Filter>Engine</Filter>
    </ClCompile>
    <ClCompile Include="Engine\Math.cpp">
      <Filter>Engine</Filter>
    </ClCompile>
    <ClCompile Include="Engine\Maze.cpp">
      <Filter>Engine</Filter>
    </ClCompile>
    <ClCompile Include="Engine\MessageBox.cpp">
      <Filter>Engine</Filter>
    </ClCompile>
    <ClCompile Include="Engine\NativeRenderer.cpp">
      <Filter>Engine</Filter>
    </ClCompile>
    <ClCompile Include="Engine\Navigation.cpp">
      <Filter>Engine</Filter>
    </ClCompile>
    <ClCompile Include="Engine\OLCSprite.cpp">
      <Filter>Engine</Filter>
    </ClCompile>
    <ClCompile Include="Engine\PaletteSystem.cpp">
      <Filter>Engine</Filter>
    </ClCompile>
    <ClCompile Include="Engine\Process.cpp">
      <Filter>Engine</Filter>
    </ClCompile>
    <ClCompile Include="Engine\Random.cpp">
      <Filter>Engine</Filter>
    </ClCompile>
    <ClCompile Include="Engine\String.cpp">
      <Filter>Engine</Filter>
    </ClCompile>
    <ClCompile Include="Engine\TcpListener.cpp">
      <Filter>Engine</Filter>
    </ClCompile>
    <ClCompile Include="Engine\TermSet.cpp">
      <Filter>Engine</Filter>
    </ClCompile>
    <ClCompile Include="Engine\TextLayout.cpp">
      <Filter>Engine</Filter>
    </ClCompile>
    <ClCompile Include="Engine\Timer.cpp">
      <Filter>Engine</Filter>
    </ClCompile>
    <ClCompile Include="Engine\UnusualMethods.cpp">
      <Filter>Engine</Filter>
    </ClCompile>
    <ClCompile Include="Engine\Vector2.cpp">
      <Filter>Engine</Filter>
    </ClCompile>
    <ClCompile Include="Engine\Vector3.cpp">
      <Filter>Engine</Filter>
    </ClCompile>
    <ClCompile Include="Engine\VTConverter.cpp">
      <Filter>Engine</Filter>
    </ClCompile>
    <ClCompile Include="Engine\Window.cpp">
      <Filter>Engine</Filter>
    </ClCompile>
    <ClCompile Include="Engine\WinNetwork.cpp">
      <Filter>Engine</Filter>
    </ClCompile>
    <ClCompile Include="Engine\WinVersion.cpp">
      <Filter>Engine</Filter>
    </ClCompile>
    <ClCompile Include="Engine\Point.cpp">
      <Filter>Engine</Filter>
    </ClCompile>
    <ClCompile Include="Engine\LuaBinding.cpp">
      <Filter>Engine</Filter>
    </ClCompile>
    <ClCompile Include="olcPGEX_TTF\olcPGEX_TTF.cpp">
      <Filter>olcPGEX_TTF</Filter>
    </ClCompile>
    <ClCompile Include="Engine\StringConverter.cpp">
      <Filter>Engine</Filter>
    </ClCompile>
    <ClCompile Include="Engine\UIObject.cpp">
      <Filter>Engine</Filter>
    </ClCompile>
    <ClCompile Include="Engine\UIButton.cpp">
      <Filter>Engine</Filter>
    </ClCompile>
    <ClCompile Include="Engine\UIInputField.cpp">
      <Filter>Engine</Filter>
    </ClCompile>
    <ClCompile Include="Engine\EngineAPI.cpp">
      <Filter>Engine</Filter>
    </ClCompile>
    <ClCompile Include="Engine\WinIMEHelper.cpp">
      <Filter>Engine</Filter>
    </ClCompile>
    <ClCompile Include="Engine\Video.cpp">
      <Filter>Engine</Filter>
    </ClCompile>
    <ClCompile Include="ENet\callbacks.c">
      <Filter>ENet</Filter>
    </ClCompile>
    <ClCompile Include="ENet\compress.c">
      <Filter>ENet</Filter>
    </ClCompile>
    <ClCompile Include="ENet\host.c">
      <Filter>ENet</Filter>
    </ClCompile>
    <ClCompile Include="ENet\list.c">
      <Filter>ENet</Filter>
    </ClCompile>
    <ClCompile Include="ENet\packet.c">
      <Filter>ENet</Filter>
    </ClCompile>
    <ClCompile Include="ENet\peer.c">
      <Filter>ENet</Filter>
    </ClCompile>
    <ClCompile Include="ENet\protocol.c">
      <Filter>ENet</Filter>
    </ClCompile>
    <ClCompile Include="ENet\unix.c">
      <Filter>ENet</Filter>
    </ClCompile>
    <ClCompile Include="ENet\win32.c">
      <Filter>ENet</Filter>
    </ClCompile>
    <ClCompile Include="FreeType\src\autofit\autofit.c">
      <Filter>FreeType</Filter>
    </ClCompile>
    <ClCompile Include="FreeType\src\base\ftbase.c">
      <Filter>FreeType</Filter>
    </ClCompile>
    <ClCompile Include="FreeType\src\base\ftbbox.c">
      <Filter>FreeType</Filter>
    </ClCompile>
    <ClCompile Include="FreeType\src\base\ftbdf.c">
      <Filter>FreeType</Filter>
    </ClCompile>
    <ClCompile Include="FreeType\src\base\ftbitmap.c">
      <Filter>FreeType</Filter>
    </ClCompile>
    <ClCompile Include="FreeType\src\base\ftcid.c">
      <Filter>FreeType</Filter>
    </ClCompile>
    <ClCompile Include="FreeType\src\base\ftfstype.c">
      <Filter>FreeType</Filter>
    </ClCompile>
    <ClCompile Include="FreeType\src\base\ftgasp.c">
      <Filter>FreeType</Filter>
    </ClCompile>
    <ClCompile Include="FreeType\src\base\ftglyph.c">
      <Filter>FreeType</Filter>
    </ClCompile>
    <ClCompile Include="FreeType\src\base\ftgxval.c">
      <Filter>FreeType</Filter>
    </ClCompile>
    <ClCompile Include="FreeType\src\base\ftinit.c">
      <Filter>FreeType</Filter>
    </ClCompile>
    <ClCompile Include="FreeType\src\base\ftmm.c">
      <Filter>FreeType</Filter>
    </ClCompile>
    <ClCompile Include="FreeType\src\base\ftotval.c">
      <Filter>FreeType</Filter>
    </ClCompile>
    <ClCompile Include="FreeType\src\base\ftpatent.c">
      <Filter>FreeType</Filter>
    </ClCompile>
    <ClCompile Include="FreeType\src\base\ftpfr.c">
      <Filter>FreeType</Filter>
    </ClCompile>
    <ClCompile Include="FreeType\src\base\ftstroke.c">
      <Filter>FreeType</Filter>
    </ClCompile>
    <ClCompile Include="FreeType\src\base\ftsynth.c">
      <Filter>FreeType</Filter>
    </ClCompile>
    <ClCompile Include="FreeType\src\base\fttype1.c">
      <Filter>FreeType</Filter>
    </ClCompile>
    <ClCompile Include="FreeType\src\base\ftwinfnt.c">
      <Filter>FreeType</Filter>
    </ClCompile>
    <ClCompile Include="FreeType\src\bdf\bdf.c">
      <Filter>FreeType</Filter>
    </ClCompile>
    <ClCompile Include="FreeType\src\bzip2\ftbzip2.c">
      <Filter>FreeType</Filter>
    </ClCompile>
    <ClCompile Include="FreeType\src\cache\ftcache.c">
      <Filter>FreeType</Filter>
    </ClCompile>
    <ClCompile Include="FreeType\src\cff\cff.c">
      <Filter>FreeType</Filter>
    </ClCompile>
    <ClCompile Include="FreeType\src\cid\type1cid.c">
      <Filter>FreeType</Filter>
    </ClCompile>
    <ClCompile Include="FreeType\src\gzip\ftgzip.c">
      <Filter>FreeType</Filter>
    </ClCompile>
    <ClCompile Include="FreeType\src\lzw\ftlzw.c">
      <Filter>FreeType</Filter>
    </ClCompile>
    <ClCompile Include="FreeType\src\pcf\pcf.c">
      <Filter>FreeType</Filter>
    </ClCompile>
    <ClCompile Include="FreeType\src\pfr\pfr.c">
      <Filter>FreeType</Filter>
    </ClCompile>
    <ClCompile Include="FreeType\src\psaux\psaux.c">
      <Filter>FreeType</Filter>
    </ClCompile>
    <ClCompile Include="FreeType\src\pshinter\pshinter.c">
      <Filter>FreeType</Filter>
    </ClCompile>
    <ClCompile Include="FreeType\src\psnames\psnames.c">
      <Filter>FreeType</Filter>
    </ClCompile>
    <ClCompile Include="FreeType\src\raster\raster.c">
      <Filter>FreeType</Filter>
    </ClCompile>
    <ClCompile Include="FreeType\src\sdf\sdf.c">
      <Filter>FreeType</Filter>
    </ClCompile>
    <ClCompile Include="FreeType\src\sfnt\sfnt.c">
      <Filter>FreeType</Filter>
    </ClCompile>
    <ClCompile Include="FreeType\src\smooth\smooth.c">
      <Filter>FreeType</Filter>
    </ClCompile>
    <ClCompile Include="FreeType\src\svg\svg.c">
      <Filter>FreeType</Filter>
    </ClCompile>
    <ClCompile Include="FreeType\src\truetype\truetype.c">
      <Filter>FreeType</Filter>
    </ClCompile>
    <ClCompile Include="FreeType\src\type1\type1.c">
      <Filter>FreeType</Filter>
    </ClCompile>
    <ClCompile Include="FreeType\src\type42\type42.c">
      <Filter>FreeType</Filter>
    </ClCompile>
    <ClCompile Include="FreeType\src\winfonts\winfnt.c">
      <Filter>FreeType</Filter>
    </ClCompile>
    <ClCompile Include="FreeType\builds\windows\ftdebug.c">
      <Filter>FreeType</Filter>
    </ClCompile>
    <ClCompile Include="FreeType\builds\windows\ftsystem.c">
      <Filter>FreeType</Filter>
    </ClCompile>
  </ItemGroup>
  <ItemGroup>
    <Filter Include="LuaSourceCode">
      <UniqueIdentifier>{0d3f1265-3c3b-4355-a5a6-9b4f125410bf}</UniqueIdentifier>
    </Filter>
    <Filter Include="Kaguya">
      <UniqueIdentifier>{5fec5e97-da93-466d-bfe4-353fe0cb171a}</UniqueIdentifier>
    </Filter>
    <Filter Include="Random">
      <UniqueIdentifier>{c80e3d1d-54f0-4543-80e0-e539a1ff5bd1}</UniqueIdentifier>
    </Filter>
    <Filter Include="olcPixelGameEngine">
      <UniqueIdentifier>{698d0794-1c3c-4172-9735-ac9298fb1318}</UniqueIdentifier>
    </Filter>
    <Filter Include="Engine">
      <UniqueIdentifier>{33f33086-d0cc-4b7b-b652-00ad7026d3c9}</UniqueIdentifier>
    </Filter>
    <Filter Include="olcPGEX_TTF">
      <UniqueIdentifier>{6f9d91b2-a6b1-4cbf-9df3-f694b6c48ee0}</UniqueIdentifier>
    </Filter>
    <Filter Include="ENet">
      <UniqueIdentifier>{761036cf-31a5-42f4-9ead-f887f2325eec}</UniqueIdentifier>
    </Filter>
    <Filter Include="ENet\enet">
      <UniqueIdentifier>{0afbb881-e604-4964-b63d-1f8aa58a0566}</UniqueIdentifier>
    </Filter>
    <Filter Include="FreeType">
      <UniqueIdentifier>{5f24cbc7-5a09-4ae4-831f-8e1f7436832d}</UniqueIdentifier>
    </Filter>
  </ItemGroup>
  <ItemGroup>
    <ClInclude Include="LuaSourceCode\lapi.h">
      <Filter>LuaSourceCode</Filter>
    </ClInclude>
    <ClInclude Include="LuaSourceCode\lauxlib.h">
      <Filter>LuaSourceCode</Filter>
    </ClInclude>
    <ClInclude Include="LuaSourceCode\lcode.h">
      <Filter>LuaSourceCode</Filter>
    </ClInclude>
    <ClInclude Include="LuaSourceCode\lctype.h">
      <Filter>LuaSourceCode</Filter>
    </ClInclude>
    <ClInclude Include="LuaSourceCode\ldebug.h">
      <Filter>LuaSourceCode</Filter>
    </ClInclude>
    <ClInclude Include="LuaSourceCode\ldo.h">
      <Filter>LuaSourceCode</Filter>
    </ClInclude>
    <ClInclude Include="LuaSourceCode\lfunc.h">
      <Filter>LuaSourceCode</Filter>
    </ClInclude>
    <ClInclude Include="LuaSourceCode\lgc.h">
      <Filter>LuaSourceCode</Filter>
    </ClInclude>
    <ClInclude Include="LuaSourceCode\ljumptab.h">
      <Filter>LuaSourceCode</Filter>
    </ClInclude>
    <ClInclude Include="LuaSourceCode\llex.h">
      <Filter>LuaSourceCode</Filter>
    </ClInclude>
    <ClInclude Include="LuaSourceCode\llimits.h">
      <Filter>LuaSourceCode</Filter>
    </ClInclude>
    <ClInclude Include="LuaSourceCode\lmem.h">
      <Filter>LuaSourceCode</Filter>
    </ClInclude>
    <ClInclude Include="LuaSourceCode\lobject.h">
      <Filter>LuaSourceCode</Filter>
    </ClInclude>
    <ClInclude Include="LuaSourceCode\lopcodes.h">
      <Filter>LuaSourceCode</Filter>
    </ClInclude>
    <ClInclude Include="LuaSourceCode\lopnames.h">
      <Filter>LuaSourceCode</Filter>
    </ClInclude>
    <ClInclude Include="LuaSourceCode\lparser.h">
      <Filter>LuaSourceCode</Filter>
    </ClInclude>
    <ClInclude Include="LuaSourceCode\lprefix.h">
      <Filter>LuaSourceCode</Filter>
    </ClInclude>
    <ClInclude Include="LuaSourceCode\lstate.h">
      <Filter>LuaSourceCode</Filter>
    </ClInclude>
    <ClInclude Include="LuaSourceCode\lstring.h">
      <Filter>LuaSourceCode</Filter>
    </ClInclude>
    <ClInclude Include="LuaSourceCode\ltable.h">
      <Filter>LuaSourceCode</Filter>
    </ClInclude>
    <ClInclude Include="LuaSourceCode\ltm.h">
      <Filter>LuaSourceCode</Filter>
    </ClInclude>
    <ClInclude Include="LuaSourceCode\lua.h">
      <Filter>LuaSourceCode</Filter>
    </ClInclude>
    <ClInclude Include="LuaSourceCode\lua.hpp">
      <Filter>LuaSourceCode</Filter>
    </ClInclude>
    <ClInclude Include="LuaSourceCode\luaconf.h">
      <Filter>LuaSourceCode</Filter>
    </ClInclude>
    <ClInclude Include="LuaSourceCode\lualib.h">
      <Filter>LuaSourceCode</Filter>
    </ClInclude>
    <ClInclude Include="LuaSourceCode\lundump.h">
      <Filter>LuaSourceCode</Filter>
    </ClInclude>
    <ClInclude Include="LuaSourceCode\lvm.h">
      <Filter>LuaSourceCode</Filter>
    </ClInclude>
    <ClInclude Include="LuaSourceCode\lzio.h">
      <Filter>LuaSourceCode</Filter>
    </ClInclude>
    <ClInclude Include="Random\random.hpp">
      <Filter>Random</Filter>
    </ClInclude>
    <ClInclude Include="olcPixelGameEngine\olcPixelGameEngine.h">
      <Filter>olcPixelGameEngine</Filter>
    </ClInclude>
    <ClInclude Include="Kaguya\kaguya.hpp">
      <Filter>Kaguya</Filter>
    </ClInclude>
    <ClInclude Include="Engine\Audio.hpp">
      <Filter>Engine</Filter>
    </ClInclude>
    <ClInclude Include="Engine\AudioPool.hpp">
      <Filter>Engine</Filter>
    </ClInclude>
    <ClInclude Include="Engine\CellRenderer.hpp">
      <Filter>Engine</Filter>
    </ClInclude>
    <ClInclude Include="Engine\CharacterController.hpp">
      <Filter>Engine</Filter>
    </ClInclude>
    <ClInclude Include="Engine\Chess.hpp">
      <Filter>Engine</Filter>
    </ClInclude>
    <ClInclude Include="Engine\Clipboard.hpp">
      <Filter>Engine</Filter>
    </ClInclude>
    <ClInclude Include="Engine\ConRegistry.hpp">
      <Filter>Engine</Filter>
    </ClInclude>
    <ClInclude Include="Engine\Console.hpp">
      <Filter>Engine</Filter>
    </ClInclude>
    <ClInclude Include="Engine\ConsoleEngine.hpp">
      <Filter>Engine</Filter>
    </ClInclude>
    <ClInclude Include="Engine\Database.hpp">
      <Filter>Engine</Filter>
    </ClInclude>
    <ClInclude Include="Engine\Debug.hpp">
      <Filter>Engine</Filter>
    </ClInclude>
    <ClInclude Include="Engine\EventSystem.hpp">
      <Filter>Engine</Filter>
    </ClInclude>
    <ClInclude Include="Engine\File.hpp">
      <Filter>Engine</Filter>
    </ClInclude>
    <ClInclude Include="Engine\FileDialog.hpp">
      <Filter>Engine</Filter>
    </ClInclude>
    <ClInclude Include="Engine\GDIRenderer.hpp">
      <Filter>Engine</Filter>
    </ClInclude>
    <ClInclude Include="Engine\GridRenderer.hpp">
      <Filter>Engine</Filter>
    </ClInclude>
    <ClInclude Include="Engine\Input.hpp">
      <Filter>Engine</Filter>
    </ClInclude>
    <ClInclude Include="Engine\Math.hpp">
      <Filter>Engine</Filter>
    </ClInclude>
    <ClInclude Include="Engine\Maze.hpp">
      <Filter>Engine</Filter>
    </ClInclude>
    <ClInclude Include="Engine\MessageBox.hpp">
      <Filter>Engine</Filter>
    </ClInclude>
    <ClInclude Include="Engine\MinDefines.hpp">
      <Filter>Engine</Filter>
    </ClInclude>
    <ClInclude Include="Engine\NativeRenderer.hpp">
      <Filter>Engine</Filter>
    </ClInclude>
    <ClInclude Include="Engine\Navigation.hpp">
      <Filter>Engine</Filter>
    </ClInclude>
    <ClInclude Include="Engine\ObjectPool.hpp">
      <Filter>Engine</Filter>
    </ClInclude>
    <ClInclude Include="Engine\OLCSprite.hpp">
      <Filter>Engine</Filter>
    </ClInclude>
    <ClInclude Include="Engine\PaletteSystem.hpp">
      <Filter>Engine</Filter>
    </ClInclude>
    <ClInclude Include="Engine\Process.hpp">
      <Filter>Engine</Filter>
    </ClInclude>
    <ClInclude Include="Engine\Random.hpp">
      <Filter>Engine</Filter>
    </ClInclude>
    <ClInclude Include="Engine\Singleton.hpp">
      <Filter>Engine</Filter>
    </ClInclude>
    <ClInclude Include="Engine\String.hpp">
      <Filter>Engine</Filter>
    </ClInclude>
    <ClInclude Include="Engine\TcpListener.hpp">
      <Filter>Engine</Filter>
    </ClInclude>
    <ClInclude Include="Engine\TermSet.hpp">
      <Filter>Engine</Filter>
    </ClInclude>
    <ClInclude Include="Engine\TextLayout.hpp">
      <Filter>Engine</Filter>
    </ClInclude>
    <ClInclude Include="Engine\Timer.hpp">
      <Filter>Engine</Filter>
    </ClInclude>
    <ClInclude Include="Engine\UnusualMethods.hpp">
      <Filter>Engine</Filter>
    </ClInclude>
    <ClInclude Include="Engine\Vector.hpp">
      <Filter>Engine</Filter>
    </ClInclude>
    <ClInclude Include="Engine\Vector2.hpp">
      <Filter>Engine</Filter>
    </ClInclude>
    <ClInclude Include="Engine\Vector3.hpp">
      <Filter>Engine</Filter>
    </ClInclude>
    <ClInclude Include="Engine\VTConverter.hpp">
      <Filter>Engine</Filter>
    </ClInclude>
    <ClInclude Include="Engine\Window.hpp">
      <Filter>Engine</Filter>
    </ClInclude>
    <ClInclude Include="Engine\WinNetwork.hpp">
      <Filter>Engine</Filter>
    </ClInclude>
    <ClInclude Include="Engine\WinVersion.hpp">
      <Filter>Engine</Filter>
    </ClInclude>
    <ClInclude Include="Engine\Point.hpp">
      <Filter>Engine</Filter>
    </ClInclude>
    <ClInclude Include="Engine\LuaBinding.hpp">
      <Filter>Engine</Filter>
    </ClInclude>
    <ClInclude Include="olcPGEX_TTF\olcPGEX_TTF.h">
      <Filter>olcPGEX_TTF</Filter>
    </ClInclude>
    <ClInclude Include="Engine\StringConverter.hpp">
      <Filter>Engine</Filter>
    </ClInclude>
    <ClInclude Include="Engine\UIObject.hpp">
      <Filter>Engine</Filter>
    </ClInclude>
    <ClInclude Include="Engine\UIButton.hpp">
      <Filter>Engine</Filter>
    </ClInclude>
    <ClInclude Include="Engine\UIInputField.hpp">
      <Filter>Engine</Filter>
    </ClInclude>
    <ClInclude Include="Engine\EngineAPI.hpp">
      <Filter>Engine</Filter>
    </ClInclude>
    <ClInclude Include="Engine\WinIMEHelper.hpp">
      <Filter>Engine</Filter>
    </ClInclude>
    <ClInclude Include="Engine\Video.hpp">
      <Filter>Engine</Filter>
    </ClInclude>
    <ClInclude Include="ENet\enet\callbacks.h">
      <Filter>ENet\enet</Filter>
    </ClInclude>
    <ClInclude Include="ENet\enet\enet.h">
      <Filter>ENet\enet</Filter>
    </ClInclude>
    <ClInclude Include="ENet\enet\list.h">
      <Filter>ENet\enet</Filter>
    </ClInclude>
    <ClInclude Include="ENet\enet\protocol.h">
      <Filter>ENet\enet</Filter>
    </ClInclude>
    <ClInclude Include="ENet\enet\time.h">
      <Filter>ENet\enet</Filter>
    </ClInclude>
    <ClInclude Include="ENet\enet\types.h">
      <Filter>ENet\enet</Filter>
    </ClInclude>
    <ClInclude Include="ENet\enet\unix.h">
      <Filter>ENet\enet</Filter>
    </ClInclude>
    <ClInclude Include="ENet\enet\utility.h">
      <Filter>ENet\enet</Filter>
    </ClInclude>
    <ClInclude Include="ENet\enet\win32.h">
      <Filter>ENet\enet</Filter>
    </ClInclude>
  </ItemGroup>
</Project>